
Microsoft Visual Studio Solution File, Format Version 12.00
# Visual Studio Version 16
VisualStudioVersion = 16.0.29925.279
MinimumVisualStudioVersion = 10.0.40219.1
Project("{FAE04EC0-301F-11D3-BF4B-00C04F79EFBC}") = "StreamingMsgPackSample", "StreamingMsgPackSample\StreamingMsgPackSample.csproj", "{1D2A2B55-7864-4541-B4F8-76E06D978DE9}"
EndProject
Project("{FAE04EC0-301F-11D3-BF4B-00C04F79EFBC}") = "Multiplier", "Multiplier\Multiplier.csproj", "{52A4863B-FD5A-4734-9D6E-2C7643A2C226}"
EndProject
Global
	GlobalSection(SolutionConfigurationPlatforms) = preSolution
		Debug|Any CPU = Debug|Any CPU
		Release|Any CPU = Release|Any CPU
	EndGlobalSection
	GlobalSection(ProjectConfigurationPlatforms) = postSolution
		{1D2A2B55-7864-4541-B4F8-76E06D978DE9}.Debug|Any CPU.ActiveCfg = Debug|Any CPU
		{1D2A2B55-7864-4541-B4F8-76E06D978DE9}.Debug|Any CPU.Build.0 = Debug|Any CPU
		{1D2A2B55-7864-4541-B4F8-76E06D978DE9}.Release|Any CPU.ActiveCfg = Release|Any CPU
		{1D2A2B55-7864-4541-B4F8-76E06D978DE9}.Release|Any CPU.Build.0 = Release|Any CPU
		{52A4863B-FD5A-4734-9D6E-2C7643A2C226}.Debug|Any CPU.ActiveCfg = Debug|Any CPU
		{52A4863B-FD5A-4734-9D6E-2C7643A2C226}.Debug|Any CPU.Build.0 = Debug|Any CPU
		{52A4863B-FD5A-4734-9D6E-2C7643A2C226}.Release|Any CPU.ActiveCfg = Release|Any CPU
		{52A4863B-FD5A-4734-9D6E-2C7643A2C226}.Release|Any CPU.Build.0 = Release|Any CPU
	EndGlobalSection
	GlobalSection(SolutionProperties) = preSolution
		HideSolutionNode = FALSE
	EndGlobalSection
	GlobalSection(ExtensibilityGlobals) = postSolution
		SolutionGuid = {236686C3-B176-466F-9CCA-D3A17CE780C2}
	EndGlobalSection
EndGlobal
